{
  "name": "diagrams",
  "version": "1.0.0",
  "lockfileVersion": 3,
  "requires": true,
  "packages": {
    "": {
      "name": "diagrams",
      "version": "1.0.0",
      "license": "ISC",
      "dependencies": {
        "scichart": "^3.3.560"
      }
    },
    "node_modules/scichart": {
      "version": "3.3.560",
      "resolved": "https://registry.npmjs.org/scichart/-/scichart-3.3.560.tgz",
      "integrity": "sha512-tkdWUwHDyUVuHZIInP+DHcsuLQaPDpZOPzAxLanahjn5Bxc+mM2pXMAW4rHBXpkGF8+g4gthNhdSvGmfJ64COA=="
    }
  }
}
